
Microsoft Visual Studio Solution File, Format Version 12.00
# Visual Studio 14
VisualStudioVersion = 14.0.25123.0
MinimumVisualStudioVersion = 10.0.40219.1
Project("{FAE04EC0-301F-11D3-BF4B-00C04F79EFBC}") = "RagnarokMonitor_metro", "RagnarokMonitor_metro\RagnarokMonitor_metro.csproj", "{6A92B5F1-ABAF-4CCA-BD06-88C88F120FE3}"
EndProject
Project("{FAE04EC0-301F-11D3-BF4B-00C04F79EFBC}") = "RagnarokMonitor_sysinfo", "RagnarokMonitor_sysinfo\RagnarokMonitor_sysinfo.csproj", "{E98F9C08-D58B-4179-B8A1-AB0958BB2694}"
EndProject
Global
	GlobalSection(SolutionConfigurationPlatforms) = preSolution
		Debug|Any CPU = Debug|Any CPU
		Debug|x86 = Debug|x86
		Release|Any CPU = Release|Any CPU
		Release|x86 = Release|x86
	EndGlobalSection
	GlobalSection(ProjectConfigurationPlatforms) = postSolution
		{6A92B5F1-ABAF-4CCA-BD06-88C88F120FE3}.Debug|Any CPU.ActiveCfg = Debug|Any CPU
		{6A92B5F1-ABAF-4CCA-BD06-88C88F120FE3}.Debug|Any CPU.Build.0 = Debug|Any CPU
		{6A92B5F1-ABAF-4CCA-BD06-88C88F120FE3}.Debug|x86.ActiveCfg = Debug|x86
		{6A92B5F1-ABAF-4CCA-BD06-88C88F120FE3}.Debug|x86.Build.0 = Debug|x86
		{6A92B5F1-ABAF-4CCA-BD06-88C88F120FE3}.Release|Any CPU.ActiveCfg = Release|Any CPU
		{6A92B5F1-ABAF-4CCA-BD06-88C88F120FE3}.Release|Any CPU.Build.0 = Release|Any CPU
		{6A92B5F1-ABAF-4CCA-BD06-88C88F120FE3}.Release|x86.ActiveCfg = Release|x86
		{6A92B5F1-ABAF-4CCA-BD06-88C88F120FE3}.Release|x86.Build.0 = Release|x86
		{E98F9C08-D58B-4179-B8A1-AB0958BB2694}.Debug|Any CPU.ActiveCfg = Debug|Any CPU
		{E98F9C08-D58B-4179-B8A1-AB0958BB2694}.Debug|Any CPU.Build.0 = Debug|Any CPU
		{E98F9C08-D58B-4179-B8A1-AB0958BB2694}.Debug|x86.ActiveCfg = Debug|x86
		{E98F9C08-D58B-4179-B8A1-AB0958BB2694}.Debug|x86.Build.0 = Debug|x86
		{E98F9C08-D58B-4179-B8A1-AB0958BB2694}.Release|Any CPU.ActiveCfg = Release|Any CPU
		{E98F9C08-D58B-4179-B8A1-AB0958BB2694}.Release|Any CPU.Build.0 = Release|Any CPU
		{E98F9C08-D58B-4179-B8A1-AB0958BB2694}.Release|x86.ActiveCfg = Release|x86
		{E98F9C08-D58B-4179-B8A1-AB0958BB2694}.Release|x86.Build.0 = Release|x86
	EndGlobalSection
	GlobalSection(SolutionProperties) = preSolution
		HideSolutionNode = FALSE
	EndGlobalSection
EndGlobal
